// !$*UTF8*$!
{
	archiveVersion = 1;
	classes = {
	};
	objectVersion = 56;
	objects = {

/* Begin PBXBuildFile section */
		73AA37BF28F61BEF0077C397 /* LocalState.swift in Sources */ = {isa = PBXBuildFile; fileRef = 73AA37BE28F61BEF0077C397 /* LocalState.swift */; };
		73AA37C128F61E570077C397 /* AutoLogin.swift in Sources */ = {isa = PBXBuildFile; fileRef = 73AA37C028F61E570077C397 /* AutoLogin.swift */; };
		73AA37C328F61FED0077C397 /* UserDataServices.swift in Sources */ = {isa = PBXBuildFile; fileRef = 73AA37C228F61FED0077C397 /* UserDataServices.swift */; };
		73AA37C528F620360077C397 /* Constants.swift in Sources */ = {isa = PBXBuildFile; fileRef = 73AA37C428F620360077C397 /* Constants.swift */; };
		73AB6B0528F9B6480003AFB1 /* LoginView.swift in Sources */ = {isa = PBXBuildFile; fileRef = 73AB6B0428F9B6480003AFB1 /* LoginView.swift */; };
		73ADFB3D28F0A628007D1D59 /* PasswordReset.swift in Sources */ = {isa = PBXBuildFile; fileRef = 73ADFB3C28F0A628007D1D59 /* PasswordReset.swift */; };
		73B6A2F828EF6F1C00D9DCB6 /* AppDelegate.swift in Sources */ = {isa = PBXBuildFile; fileRef = 73B6A2F728EF6F1C00D9DCB6 /* AppDelegate.swift */; };
		73B6A2FC28EF6F1C00D9DCB6 /* LoginVC.swift in Sources */ = {isa = PBXBuildFile; fileRef = 73B6A2FB28EF6F1C00D9DCB6 /* LoginVC.swift */; };
		73B6A30128EF6F1D00D9DCB6 /* Assets.xcassets in Resources */ = {isa = PBXBuildFile; fileRef = 73B6A30028EF6F1D00D9DCB6 /* Assets.xcassets */; };
		73B6A30428EF6F1D00D9DCB6 /* LaunchScreen.storyboard in Resources */ = {isa = PBXBuildFile; fileRef = 73B6A30228EF6F1D00D9DCB6 /* LaunchScreen.storyboard */; };
		73B6A32928EF6FB100D9DCB6 /* LoginTextFieldView.swift in Sources */ = {isa = PBXBuildFile; fileRef = 73B6A32828EF6FB100D9DCB6 /* LoginTextFieldView.swift */; };
		73B6A32D28EF932A00D9DCB6 /* UITextFieldSecureToggle.swift in Sources */ = {isa = PBXBuildFile; fileRef = 73B6A32C28EF932A00D9DCB6 /* UITextFieldSecureToggle.swift */; };
		73B8825428F5EDBB00CA51DF /* OnboardingVC.swift in Sources */ = {isa = PBXBuildFile; fileRef = 73B8825328F5EDBB00CA51DF /* OnboardingVC.swift */; };
		73B8825628F5EDE800CA51DF /* OnboardingContainerVC.swift in Sources */ = {isa = PBXBuildFile; fileRef = 73B8825528F5EDE800CA51DF /* OnboardingContainerVC.swift */; };
/* End PBXBuildFile section */

/* Begin PBXContainerItemProxy section */
		73B6A30B28EF6F1D00D9DCB6 /* PBXContainerItemProxy */ = {
			isa = PBXContainerItemProxy;
			containerPortal = 73B6A2EC28EF6F1C00D9DCB6 /* Project object */;
			proxyType = 1;
			remoteGlobalIDString = 73B6A2F328EF6F1C00D9DCB6;
			remoteInfo = FlashHR;
		};
		73B6A31528EF6F1D00D9DCB6 /* PBXContainerItemProxy */ = {
			isa = PBXContainerItemProxy;
			containerPortal = 73B6A2EC28EF6F1C00D9DCB6 /* Project object */;
			proxyType = 1;
			remoteGlobalIDString = 73B6A2F328EF6F1C00D9DCB6;
			remoteInfo = FlashHR;
		};
/* End PBXContainerItemProxy section */

/* Begin PBXFileReference section */
		73AA37BE28F61BEF0077C397 /* LocalState.swift */ = {isa = PBXFileReference; lastKnownFileType = sourcecode.swift; path = LocalState.swift; sourceTree = "<group>"; };
		73AA37C028F61E570077C397 /* AutoLogin.swift */ = {isa = PBXFileReference; lastKnownFileType = sourcecode.swift; path = AutoLogin.swift; sourceTree = "<group>"; };
		73AA37C228F61FED0077C397 /* UserDataServices.swift */ = {isa = PBXFileReference; lastKnownFileType = sourcecode.swift; path = UserDataServices.swift; sourceTree = "<group>"; };
		73AA37C428F620360077C397 /* Constants.swift */ = {isa = PBXFileReference; lastKnownFileType = sourcecode.swift; path = Constants.swift; sourceTree = "<group>"; };
		73AB6B0428F9B6480003AFB1 /* LoginView.swift */ = {isa = PBXFileReference; lastKnownFileType = sourcecode.swift; path = LoginView.swift; sourceTree = "<group>"; };
		73ADFB3C28F0A628007D1D59 /* PasswordReset.swift */ = {isa = PBXFileReference; lastKnownFileType = sourcecode.swift; path = PasswordReset.swift; sourceTree = "<group>"; };
		73B6A2F428EF6F1C00D9DCB6 /* FlashHR.app */ = {isa = PBXFileReference; explicitFileType = wrapper.application; includeInIndex = 0; path = FlashHR.app; sourceTree = BUILT_PRODUCTS_DIR; };
		73B6A2F728EF6F1C00D9DCB6 /* AppDelegate.swift */ = {isa = PBXFileReference; lastKnownFileType = sourcecode.swift; path = AppDelegate.swift; sourceTree = "<group>"; };
		73B6A2FB28EF6F1C00D9DCB6 /* LoginVC.swift */ = {isa = PBXFileReference; lastKnownFileType = sourcecode.swift; path = LoginVC.swift; sourceTree = "<group>"; };
		73B6A30028EF6F1D00D9DCB6 /* Assets.xcassets */ = {isa = PBXFileReference; lastKnownFileType = folder.assetcatalog; path = Assets.xcassets; sourceTree = "<group>"; };
		73B6A30328EF6F1D00D9DCB6 /* Base */ = {isa = PBXFileReference; lastKnownFileType = file.storyboard; name = Base; path = Base.lproj/LaunchScreen.storyboard; sourceTree = "<group>"; };
		73B6A30528EF6F1D00D9DCB6 /* Info.plist */ = {isa = PBXFileReference; lastKnownFileType = text.plist.xml; path = Info.plist; sourceTree = "<group>"; };
		73B6A30A28EF6F1D00D9DCB6 /* FlashHRTests.xctest */ = {isa = PBXFileReference; explicitFileType = wrapper.cfbundle; includeInIndex = 0; path = FlashHRTests.xctest; sourceTree = BUILT_PRODUCTS_DIR; };
		73B6A31428EF6F1D00D9DCB6 /* FlashHRUITests.xctest */ = {isa = PBXFileReference; explicitFileType = wrapper.cfbundle; includeInIndex = 0; path = FlashHRUITests.xctest; sourceTree = BUILT_PRODUCTS_DIR; };
		73B6A32828EF6FB100D9DCB6 /* LoginTextFieldView.swift */ = {isa = PBXFileReference; lastKnownFileType = sourcecode.swift; path = LoginTextFieldView.swift; sourceTree = "<group>"; };
		73B6A32C28EF932A00D9DCB6 /* UITextFieldSecureToggle.swift */ = {isa = PBXFileReference; lastKnownFileType = sourcecode.swift; path = UITextFieldSecureToggle.swift; sourceTree = "<group>"; };
		73B8825328F5EDBB00CA51DF /* OnboardingVC.swift */ = {isa = PBXFileReference; lastKnownFileType = sourcecode.swift; path = OnboardingVC.swift; sourceTree = "<group>"; };
		73B8825528F5EDE800CA51DF /* OnboardingContainerVC.swift */ = {isa = PBXFileReference; lastKnownFileType = sourcecode.swift; path = OnboardingContainerVC.swift; sourceTree = "<group>"; };
/* End PBXFileReference section */

/* Begin PBXFrameworksBuildPhase section */
		73B6A2F128EF6F1C00D9DCB6 /* Frameworks */ = {
			isa = PBXFrameworksBuildPhase;
			buildActionMask = 2147483647;
			files = (
			);
			runOnlyForDeploymentPostprocessing = 0;
		};
		73B6A30728EF6F1D00D9DCB6 /* Frameworks */ = {
			isa = PBXFrameworksBuildPhase;
			buildActionMask = 2147483647;
			files = (
			);
			runOnlyForDeploymentPostprocessing = 0;
		};
		73B6A31128EF6F1D00D9DCB6 /* Frameworks */ = {
			isa = PBXFrameworksBuildPhase;
			buildActionMask = 2147483647;
			files = (
			);
			runOnlyForDeploymentPostprocessing = 0;
		};
/* End PBXFrameworksBuildPhase section */

/* Begin PBXGroup section */
		73ADFB3B28F0A60B007D1D59 /* PasswordReset */ = {
			isa = PBXGroup;
			children = (
				73ADFB3C28F0A628007D1D59 /* PasswordReset.swift */,
			);
			name = PasswordReset;
			sourceTree = "<group>";
		};
		73B6A2EB28EF6F1C00D9DCB6 = {
			isa = PBXGroup;
			children = (
				73B6A2F628EF6F1C00D9DCB6 /* FlashHR */,
				73B6A2F528EF6F1C00D9DCB6 /* Products */,
			);
			sourceTree = "<group>";
		};
		73B6A2F528EF6F1C00D9DCB6 /* Products */ = {
			isa = PBXGroup;
			children = (
				73B6A2F428EF6F1C00D9DCB6 /* FlashHR.app */,
				73B6A30A28EF6F1D00D9DCB6 /* FlashHRTests.xctest */,
				73B6A31428EF6F1D00D9DCB6 /* FlashHRUITests.xctest */,
			);
			name = Products;
			sourceTree = "<group>";
		};
		73B6A2F628EF6F1C00D9DCB6 /* FlashHR */ = {
			isa = PBXGroup;
			children = (
				73B6A2F728EF6F1C00D9DCB6 /* AppDelegate.swift */,
				73E07F7128F20D01000547EB /* View-ViewController */,
				73B6A32B28EF92FF00D9DCB6 /* Utils */,
				73B6A32A28EF6FF300D9DCB6 /* Files */,
			);
			path = FlashHR;
			sourceTree = "<group>";
		};
		73B6A32728EF6F7D00D9DCB6 /* Login */ = {
			isa = PBXGroup;
			children = (
				73FC0B5F28F1C4AC00EAE207 /* AutoLogin */,
				73FC0B5E28F1C49800EAE207 /* Login */,
				73ADFB3B28F0A60B007D1D59 /* PasswordReset */,
				73B8825228F5ED9B00CA51DF /* Onboarding */,
			);
			path = Login;
			sourceTree = "<group>";
		};
		73B6A32A28EF6FF300D9DCB6 /* Files */ = {
			isa = PBXGroup;
			children = (
				73B6A30028EF6F1D00D9DCB6 /* Assets.xcassets */,
				73B6A30228EF6F1D00D9DCB6 /* LaunchScreen.storyboard */,
				73B6A30528EF6F1D00D9DCB6 /* Info.plist */,
			);
			path = Files;
			sourceTree = "<group>";
		};
		73B6A32B28EF92FF00D9DCB6 /* Utils */ = {
			isa = PBXGroup;
			children = (
				73B6A32C28EF932A00D9DCB6 /* UITextFieldSecureToggle.swift */,
				73AA37C228F61FED0077C397 /* UserDataServices.swift */,
				73AA37BE28F61BEF0077C397 /* LocalState.swift */,
				73AA37C428F620360077C397 /* Constants.swift */,
			);
			path = Utils;
			sourceTree = "<group>";
		};
		73B8825228F5ED9B00CA51DF /* Onboarding */ = {
			isa = PBXGroup;
			children = (
				73B8825328F5EDBB00CA51DF /* OnboardingVC.swift */,
				73B8825528F5EDE800CA51DF /* OnboardingContainerVC.swift */,
			);
			name = Onboarding;
			sourceTree = "<group>";
		};
		73D86E5F28FC7C58007B9B2A /* Support */ = {
			isa = PBXGroup;
			children = (
			);
			path = Support;
			sourceTree = "<group>";
		};
		73E07F7128F20D01000547EB /* View-ViewController */ = {
			isa = PBXGroup;
			children = (
				73B6A32728EF6F7D00D9DCB6 /* Login */,
				73D86E5F28FC7C58007B9B2A /* Support */,
				73FC0B6028F1C57C00EAE207 /* Employer */,
				73E07F7228F20D1C000547EB /* Employee */,
			);
			path = "View-ViewController";
			sourceTree = "<group>";
		};
		73E07F7228F20D1C000547EB /* Employee */ = {
			isa = PBXGroup;
			children = (
			);
			path = Employee;
			sourceTree = "<group>";
		};
		73FC0B5E28F1C49800EAE207 /* Login */ = {
			isa = PBXGroup;
			children = (
				73B6A32828EF6FB100D9DCB6 /* LoginTextFieldView.swift */,
				73B6A2FB28EF6F1C00D9DCB6 /* LoginVC.swift */,
				73AB6B0428F9B6480003AFB1 /* LoginView.swift */,
			);
			name = Login;
			sourceTree = "<group>";
		};
		73FC0B5F28F1C4AC00EAE207 /* AutoLogin */ = {
			isa = PBXGroup;
			children = (
				73AA37C028F61E570077C397 /* AutoLogin.swift */,
			);
			name = AutoLogin;
			sourceTree = "<group>";
		};
		73FC0B6028F1C57C00EAE207 /* Employer */ = {
			isa = PBXGroup;
			children = (
			);
			path = Employer;
			sourceTree = "<group>";
		};
/* End PBXGroup section */

/* Begin PBXNativeTarget section */
		73B6A2F328EF6F1C00D9DCB6 /* FlashHR */ = {
			isa = PBXNativeTarget;
			buildConfigurationList = 73B6A31E28EF6F1D00D9DCB6 /* Build configuration list for PBXNativeTarget "FlashHR" */;
			buildPhases = (
				73B6A2F028EF6F1C00D9DCB6 /* Sources */,
				73B6A2F128EF6F1C00D9DCB6 /* Frameworks */,
				73B6A2F228EF6F1C00D9DCB6 /* Resources */,
			);
			buildRules = (
			);
			dependencies = (
			);
			name = FlashHR;
			productName = FlashHR;
			productReference = 73B6A2F428EF6F1C00D9DCB6 /* FlashHR.app */;
			productType = "com.apple.product-type.application";
		};
		73B6A30928EF6F1D00D9DCB6 /* FlashHRTests */ = {
			isa = PBXNativeTarget;
			buildConfigurationList = 73B6A32128EF6F1D00D9DCB6 /* Build configuration list for PBXNativeTarget "FlashHRTests" */;
			buildPhases = (
				73B6A30628EF6F1D00D9DCB6 /* Sources */,
				73B6A30728EF6F1D00D9DCB6 /* Frameworks */,
				73B6A30828EF6F1D00D9DCB6 /* Resources */,
			);
			buildRules = (
			);
			dependencies = (
				73B6A30C28EF6F1D00D9DCB6 /* PBXTargetDependency */,
			);
			name = FlashHRTests;
			productName = FlashHRTests;
			productReference = 73B6A30A28EF6F1D00D9DCB6 /* FlashHRTests.xctest */;
			productType = "com.apple.product-type.bundle.unit-test";
		};
		73B6A31328EF6F1D00D9DCB6 /* FlashHRUITests */ = {
			isa = PBXNativeTarget;
			buildConfigurationList = 73B6A32428EF6F1D00D9DCB6 /* Build configuration list for PBXNativeTarget "FlashHRUITests" */;
			buildPhases = (
				73B6A31028EF6F1D00D9DCB6 /* Sources */,
				73B6A31128EF6F1D00D9DCB6 /* Frameworks */,
				73B6A31228EF6F1D00D9DCB6 /* Resources */,
			);
			buildRules = (
			);
			dependencies = (
				73B6A31628EF6F1D00D9DCB6 /* PBXTargetDependency */,
			);
			name = FlashHRUITests;
			productName = FlashHRUITests;
			productReference = 73B6A31428EF6F1D00D9DCB6 /* FlashHRUITests.xctest */;
			productType = "com.apple.product-type.bundle.ui-testing";
		};
/* End PBXNativeTarget section */

/* Begin PBXProject section */
		73B6A2EC28EF6F1C00D9DCB6 /* Project object */ = {
			isa = PBXProject;
			attributes = {
				BuildIndependentTargetsInParallel = 1;
				LastSwiftUpdateCheck = 1400;
				LastUpgradeCheck = 1400;
				TargetAttributes = {
					73B6A2F328EF6F1C00D9DCB6 = {
						CreatedOnToolsVersion = 14.0.1;
					};
					73B6A30928EF6F1D00D9DCB6 = {
						CreatedOnToolsVersion = 14.0.1;
						TestTargetID = 73B6A2F328EF6F1C00D9DCB6;
					};
					73B6A31328EF6F1D00D9DCB6 = {
						CreatedOnToolsVersion = 14.0.1;
						TestTargetID = 73B6A2F328EF6F1C00D9DCB6;
					};
				};
			};
			buildConfigurationList = 73B6A2EF28EF6F1C00D9DCB6 /* Build configuration list for PBXProject "FlashHR" */;
			compatibilityVersion = "Xcode 14.0";
			developmentRegion = en;
			hasScannedForEncodings = 0;
			knownRegions = (
				en,
				Base,
			);
			mainGroup = 73B6A2EB28EF6F1C00D9DCB6;
			productRefGroup = 73B6A2F528EF6F1C00D9DCB6 /* Products */;
			projectDirPath = "";
			projectRoot = "";
			targets = (
				73B6A2F328EF6F1C00D9DCB6 /* FlashHR */,
				73B6A30928EF6F1D00D9DCB6 /* FlashHRTests */,
				73B6A31328EF6F1D00D9DCB6 /* FlashHRUITests */,
			);
		};
/* End PBXProject section */

/* Begin PBXResourcesBuildPhase section */
		73B6A2F228EF6F1C00D9DCB6 /* Resources */ = {
			isa = PBXResourcesBuildPhase;
			buildActionMask = 2147483647;
			files = (
				73B6A30428EF6F1D00D9DCB6 /* LaunchScreen.storyboard in Resources */,
				73B6A30128EF6F1D00D9DCB6 /* Assets.xcassets in Resources */,
			);
			runOnlyForDeploymentPostprocessing = 0;
		};
		73B6A30828EF6F1D00D9DCB6 /* Resources */ = {
			isa = PBXResourcesBuildPhase;
			buildActionMask = 2147483647;
			files = (
			);
			runOnlyForDeploymentPostprocessing = 0;
		};
		73B6A31228EF6F1D00D9DCB6 /* Resources */ = {
			isa = PBXResourcesBuildPhase;
			buildActionMask = 2147483647;
			files = (
			);
			runOnlyForDeploymentPostprocessing = 0;
		};
/* End PBXResourcesBuildPhase section */

/* Begin PBXSourcesBuildPhase section */
		73B6A2F028EF6F1C00D9DCB6 /* Sources */ = {
			isa = PBXSourcesBuildPhase;
			buildActionMask = 2147483647;
			files = (
				73B6A32D28EF932A00D9DCB6 /* UITextFieldSecureToggle.swift in Sources */,
				73AA37C528F620360077C397 /* Constants.swift in Sources */,
				73B8825428F5EDBB00CA51DF /* OnboardingVC.swift in Sources */,
				73ADFB3D28F0A628007D1D59 /* PasswordReset.swift in Sources */,
				73B6A32928EF6FB100D9DCB6 /* LoginTextFieldView.swift in Sources */,
				73AA37C328F61FED0077C397 /* UserDataServices.swift in Sources */,
				73AB6B0528F9B6480003AFB1 /* LoginView.swift in Sources */,
				73B6A2FC28EF6F1C00D9DCB6 /* LoginVC.swift in Sources */,
				73B6A2F828EF6F1C00D9DCB6 /* AppDelegate.swift in Sources */,
				73B8825628F5EDE800CA51DF /* OnboardingContainerVC.swift in Sources */,
				73AA37C128F61E570077C397 /* AutoLogin.swift in Sources */,
				73AA37BF28F61BEF0077C397 /* LocalState.swift in Sources */,
			);
			runOnlyForDeploymentPostprocessing = 0;
		};
		73B6A30628EF6F1D00D9DCB6 /* Sources */ = {
			isa = PBXSourcesBuildPhase;
			buildActionMask = 2147483647;
			files = (
			);
			runOnlyForDeploymentPostprocessing = 0;
		};
		73B6A31028EF6F1D00D9DCB6 /* Sources */ = {
			isa = PBXSourcesBuildPhase;
			buildActionMask = 2147483647;
			files = (
			);
			runOnlyForDeploymentPostprocessing = 0;
		};
/* End PBXSourcesBuildPhase section */

/* Begin PBXTargetDependency section */
		73B6A30C28EF6F1D00D9DCB6 /* PBXTargetDependency */ = {
			isa = PBXTargetDependency;
			target = 73B6A2F328EF6F1C00D9DCB6 /* FlashHR */;
			targetProxy = 73B6A30B28EF6F1D00D9DCB6 /* PBXContainerItemProxy */;
		};
		73B6A31628EF6F1D00D9DCB6 /* PBXTargetDependency */ = {
			isa = PBXTargetDependency;
			target = 73B6A2F328EF6F1C00D9DCB6 /* FlashHR */;
			targetProxy = 73B6A31528EF6F1D00D9DCB6 /* PBXContainerItemProxy */;
		};
/* End PBXTargetDependency section */

/* Begin PBXVariantGroup section */
		73B6A30228EF6F1D00D9DCB6 /* LaunchScreen.storyboard */ = {
			isa = PBXVariantGroup;
			children = (
				73B6A30328EF6F1D00D9DCB6 /* Base */,
			);
			name = LaunchScreen.storyboard;
			sourceTree = "<group>";
		};
/* End PBXVariantGroup section */

/* Begin XCBuildConfiguration section */
		73B6A31C28EF6F1D00D9DCB6 /* Debug */ = {
			isa = XCBuildConfiguration;
			buildSettings = {
				ALWAYS_SEARCH_USER_PATHS = NO;
				CLANG_ANALYZER_NONNULL = YES;
				CLANG_ANALYZER_NUMBER_OBJECT_CONVERSION = YES_AGGRESSIVE;
				CLANG_CXX_LANGUAGE_STANDARD = "gnu++20";
				CLANG_ENABLE_MODULES = YES;
				CLANG_ENABLE_OBJC_ARC = YES;
				CLANG_ENABLE_OBJC_WEAK = YES;
				CLANG_WARN_BLOCK_CAPTURE_AUTORELEASING = YES;
				CLANG_WARN_BOOL_CONVERSION = YES;
				CLANG_WARN_COMMA = YES;
				CLANG_WARN_CONSTANT_CONVERSION = YES;
				CLANG_WARN_DEPRECATED_OBJC_IMPLEMENTATIONS = YES;
				CLANG_WARN_DIRECT_OBJC_ISA_USAGE = YES_ERROR;
				CLANG_WARN_DOCUMENTATION_COMMENTS = YES;
				CLANG_WARN_EMPTY_BODY = YES;
				CLANG_WARN_ENUM_CONVERSION = YES;
				CLANG_WARN_INFINITE_RECURSION = YES;
				CLANG_WARN_INT_CONVERSION = YES;
				CLANG_WARN_NON_LITERAL_NULL_CONVERSION = YES;
				CLANG_WARN_OBJC_IMPLICIT_RETAIN_SELF = YES;
				CLANG_WARN_OBJC_LITERAL_CONVERSION = YES;
				CLANG_WARN_OBJC_ROOT_CLASS = YES_ERROR;
				CLANG_WARN_QUOTED_INCLUDE_IN_FRAMEWORK_HEADER = YES;
				CLANG_WARN_RANGE_LOOP_ANALYSIS = YES;
				CLANG_WARN_STRICT_PROTOTYPES = YES;
				CLANG_WARN_SUSPICIOUS_MOVE = YES;
				CLANG_WARN_UNGUARDED_AVAILABILITY = YES_AGGRESSIVE;
				CLANG_WARN_UNREACHABLE_CODE = YES;
				CLANG_WARN__DUPLICATE_METHOD_MATCH = YES;
				COPY_PHASE_STRIP = NO;
				DEBUG_INFORMATION_FORMAT = dwarf;
				ENABLE_STRICT_OBJC_MSGSEND = YES;
				ENABLE_TESTABILITY = YES;
				GCC_C_LANGUAGE_STANDARD = gnu11;
				GCC_DYNAMIC_NO_PIC = NO;
				GCC_NO_COMMON_BLOCKS = YES;
				GCC_OPTIMIZATION_LEVEL = 0;
				GCC_PREPROCESSOR_DEFINITIONS = (
					"DEBUG=1",
					"$(inherited)",
				);
				GCC_WARN_64_TO_32_BIT_CONVERSION = YES;
				GCC_WARN_ABOUT_RETURN_TYPE = YES_ERROR;
				GCC_WARN_UNDECLARED_SELECTOR = YES;
				GCC_WARN_UNINITIALIZED_AUTOS = YES_AGGRESSIVE;
				GCC_WARN_UNUSED_FUNCTION = YES;
				GCC_WARN_UNUSED_VARIABLE = YES;
				IPHONEOS_DEPLOYMENT_TARGET = 16.0;
				MTL_ENABLE_DEBUG_INFO = INCLUDE_SOURCE;
				MTL_FAST_MATH = YES;
				ONLY_ACTIVE_ARCH = YES;
				SDKROOT = iphoneos;
				SWIFT_ACTIVE_COMPILATION_CONDITIONS = DEBUG;
				SWIFT_OPTIMIZATION_LEVEL = "-Onone";
			};
			name = Debug;
		};
		73B6A31D28EF6F1D00D9DCB6 /* Release */ = {
			isa = XCBuildConfiguration;
			buildSettings = {
				ALWAYS_SEARCH_USER_PATHS = NO;
				CLANG_ANALYZER_NONNULL = YES;
				CLANG_ANALYZER_NUMBER_OBJECT_CONVERSION = YES_AGGRESSIVE;
				CLANG_CXX_LANGUAGE_STANDARD = "gnu++20";
				CLANG_ENABLE_MODULES = YES;
				CLANG_ENABLE_OBJC_ARC = YES;
				CLANG_ENABLE_OBJC_WEAK = YES;
				CLANG_WARN_BLOCK_CAPTURE_AUTORELEASING = YES;
				CLANG_WARN_BOOL_CONVERSION = YES;
				CLANG_WARN_COMMA = YES;
				CLANG_WARN_CONSTANT_CONVERSION = YES;
				CLANG_WARN_DEPRECATED_OBJC_IMPLEMENTATIONS = YES;
				CLANG_WARN_DIRECT_OBJC_ISA_USAGE = YES_ERROR;
				CLANG_WARN_DOCUMENTATION_COMMENTS = YES;
				CLANG_WARN_EMPTY_BODY = YES;
				CLANG_WARN_ENUM_CONVERSION = YES;
				CLANG_WARN_INFINITE_RECURSION = YES;
				CLANG_WARN_INT_CONVERSION = YES;
				CLANG_WARN_NON_LITERAL_NULL_CONVERSION = YES;
				CLANG_WARN_OBJC_IMPLICIT_RETAIN_SELF = YES;
				CLANG_WARN_OBJC_LITERAL_CONVERSION = YES;
				CLANG_WARN_OBJC_ROOT_CLASS = YES_ERROR;
				CLANG_WARN_QUOTED_INCLUDE_IN_FRAMEWORK_HEADER = YES;
				CLANG_WARN_RANGE_LOOP_ANALYSIS = YES;
				CLANG_WARN_STRICT_PROTOTYPES = YES;
				CLANG_WARN_SUSPICIOUS_MOVE = YES;
				CLANG_WARN_UNGUARDED_AVAILABILITY = YES_AGGRESSIVE;
				CLANG_WARN_UNREACHABLE_CODE = YES;
				CLANG_WARN__DUPLICATE_METHOD_MATCH = YES;
				COPY_PHASE_STRIP = NO;
				DEBUG_INFORMATION_FORMAT = "dwarf-with-dsym";
				ENABLE_NS_ASSERTIONS = NO;
				ENABLE_STRICT_OBJC_MSGSEND = YES;
				GCC_C_LANGUAGE_STANDARD = gnu11;
				GCC_NO_COMMON_BLOCKS = YES;
				GCC_WARN_64_TO_32_BIT_CONVERSION = YES;
				GCC_WARN_ABOUT_RETURN_TYPE = YES_ERROR;
				GCC_WARN_UNDECLARED_SELECTOR = YES;
				GCC_WARN_UNINITIALIZED_AUTOS = YES_AGGRESSIVE;
				GCC_WARN_UNUSED_FUNCTION = YES;
				GCC_WARN_UNUSED_VARIABLE = YES;
				IPHONEOS_DEPLOYMENT_TARGET = 16.0;
				MTL_ENABLE_DEBUG_INFO = NO;
				MTL_FAST_MATH = YES;
				SDKROOT = iphoneos;
				SWIFT_COMPILATION_MODE = wholemodule;
				SWIFT_OPTIMIZATION_LEVEL = "-O";
				VALIDATE_PRODUCT = YES;
			};
			name = Release;
		};
		73B6A31F28EF6F1D00D9DCB6 /* Debug */ = {
			isa = XCBuildConfiguration;
			buildSettings = {
				ASSETCATALOG_COMPILER_APPICON_NAME = AppIcon;
				ASSETCATALOG_COMPILER_GLOBAL_ACCENT_COLOR_NAME = AccentColor;
				CODE_SIGN_STYLE = Automatic;
				CURRENT_PROJECT_VERSION = 1;
				DEVELOPMENT_TEAM = LBM5YFV4LP;
				GENERATE_INFOPLIST_FILE = YES;
				INFOPLIST_FILE = FlashHR/Info.plist;
				INFOPLIST_KEY_UIApplicationSupportsIndirectInputEvents = YES;
				INFOPLIST_KEY_UILaunchStoryboardName = LaunchScreen;
				INFOPLIST_KEY_UISupportedInterfaceOrientations_iPad = "UIInterfaceOrientationPortrait UIInterfaceOrientationPortraitUpsideDown UIInterfaceOrientationLandscapeLeft UIInterfaceOrientationLandscapeRight";
				INFOPLIST_KEY_UISupportedInterfaceOrientations_iPhone = "UIInterfaceOrientationPortrait UIInterfaceOrientationLandscapeLeft UIInterfaceOrientationLandscapeRight";
				LD_RUNPATH_SEARCH_PATHS = (
					"$(inherited)",
					"@executable_path/Frameworks",
				);
				MARKETING_VERSION = 1.0;
				PRODUCT_BUNDLE_IDENTIFIER = com.Mahameed.FlashHR2;
				PRODUCT_NAME = "$(TARGET_NAME)";
				SWIFT_EMIT_LOC_STRINGS = YES;
				SWIFT_VERSION = 5.0;
				TARGETED_DEVICE_FAMILY = "1,2";
			};
			name = Debug;
		};
		73B6A32028EF6F1D00D9DCB6 /* Release */ = {
			isa = XCBuildConfiguration;
			buildSettings = {
				ASSETCATALOG_COMPILER_APPICON_NAME = AppIcon;
				ASSETCATALOG_COMPILER_GLOBAL_ACCENT_COLOR_NAME = AccentColor;
				CODE_SIGN_STYLE = Automatic;
				CURRENT_PROJECT_VERSION = 1;
				DEVELOPMENT_TEAM = LBM5YFV4LP;
				GENERATE_INFOPLIST_FILE = YES;
				INFOPLIST_FILE = FlashHR/Info.plist;
				INFOPLIST_KEY_UIApplicationSupportsIndirectInputEvents = YES;
				INFOPLIST_KEY_UILaunchStoryboardName = LaunchScreen;
				INFOPLIST_KEY_UISupportedInterfaceOrientations_iPad = "UIInterfaceOrientationPortrait UIInterfaceOrientationPortraitUpsideDown UIInterfaceOrientationLandscapeLeft UIInterfaceOrientationLandscapeRight";
				INFOPLIST_KEY_UISupportedInterfaceOrientations_iPhone = "UIInterfaceOrientationPortrait UIInterfaceOrientationLandscapeLeft UIInterfaceOrientationLandscapeRight";
				LD_RUNPATH_SEARCH_PATHS = (
					"$(inherited)",
					"@executable_path/Frameworks",
				);
				MARKETING_VERSION = 1.0;
				PRODUCT_BUNDLE_IDENTIFIER = com.Mahameed.FlashHR2;
				PRODUCT_NAME = "$(TARGET_NAME)";
				SWIFT_EMIT_LOC_STRINGS = YES;
				SWIFT_VERSION = 5.0;
				TARGETED_DEVICE_FAMILY = "1,2";
			};
			name = Release;
		};
		73B6A32228EF6F1D00D9DCB6 /* Debug */ = {
			isa = XCBuildConfiguration;
			buildSettings = {
				ALWAYS_EMBED_SWIFT_STANDARD_LIBRARIES = YES;
				BUNDLE_LOADER = "$(TEST_HOST)";
				CODE_SIGN_STYLE = Automatic;
				CURRENT_PROJECT_VERSION = 1;
				DEVELOPMENT_TEAM = LBM5YFV4LP;
				GENERATE_INFOPLIST_FILE = YES;
				IPHONEOS_DEPLOYMENT_TARGET = 16.0;
				MARKETING_VERSION = 1.0;
				PRODUCT_BUNDLE_IDENTIFIER = com.Mahameed.FlashHR.FlashHRTests;
				PRODUCT_NAME = "$(TARGET_NAME)";
				SWIFT_EMIT_LOC_STRINGS = NO;
				SWIFT_VERSION = 5.0;
				TARGETED_DEVICE_FAMILY = "1,2";
				TEST_HOST = "$(BUILT_PRODUCTS_DIR)/FlashHR.app/$(BUNDLE_EXECUTABLE_FOLDER_PATH)/FlashHR";
			};
			name = Debug;
		};
		73B6A32328EF6F1D00D9DCB6 /* Release */ = {
			isa = XCBuildConfiguration;
			buildSettings = {
				ALWAYS_EMBED_SWIFT_STANDARD_LIBRARIES = YES;
				BUNDLE_LOADER = "$(TEST_HOST)";
				CODE_SIGN_STYLE = Automatic;
				CURRENT_PROJECT_VERSION = 1;
				DEVELOPMENT_TEAM = LBM5YFV4LP;
				GENERATE_INFOPLIST_FILE = YES;
				IPHONEOS_DEPLOYMENT_TARGET = 16.0;
				MARKETING_VERSION = 1.0;
				PRODUCT_BUNDLE_IDENTIFIER = com.Mahameed.FlashHR.FlashHRTests;
				PRODUCT_NAME = "$(TARGET_NAME)";
				SWIFT_EMIT_LOC_STRINGS = NO;
				SWIFT_VERSION = 5.0;
				TARGETED_DEVICE_FAMILY = "1,2";
				TEST_HOST = "$(BUILT_PRODUCTS_DIR)/FlashHR.app/$(BUNDLE_EXECUTABLE_FOLDER_PATH)/FlashHR";
			};
			name = Release;
		};
		73B6A32528EF6F1D00D9DCB6 /* Debug */ = {
			isa = XCBuildConfiguration;
			buildSettings = {
				ALWAYS_EMBED_SWIFT_STANDARD_LIBRARIES = YES;
				CODE_SIGN_STYLE = Automatic;
				CURRENT_PROJECT_VERSION = 1;
				DEVELOPMENT_TEAM = LBM5YFV4LP;
				GENERATE_INFOPLIST_FILE = YES;
				MARKETING_VERSION = 1.0;
				PRODUCT_BUNDLE_IDENTIFIER = com.Mahameed.FlashHR.FlashHRUITests;
				PRODUCT_NAME = "$(TARGET_NAME)";
				SWIFT_EMIT_LOC_STRINGS = NO;
				SWIFT_VERSION = 5.0;
				TARGETED_DEVICE_FAMILY = "1,2";
				TEST_TARGET_NAME = FlashHR;
			};
			name = Debug;
		};
		73B6A32628EF6F1D00D9DCB6 /* Release */ = {
			isa = XCBuildConfiguration;
			buildSettings = {
				ALWAYS_EMBED_SWIFT_STANDARD_LIBRARIES = YES;
				CODE_SIGN_STYLE = Automatic;
				CURRENT_PROJECT_VERSION = 1;
				DEVELOPMENT_TEAM = LBM5YFV4LP;
				GENERATE_INFOPLIST_FILE = YES;
				MARKETING_VERSION = 1.0;
				PRODUCT_BUNDLE_IDENTIFIER = com.Mahameed.FlashHR.FlashHRUITests;
				PRODUCT_NAME = "$(TARGET_NAME)";
				SWIFT_EMIT_LOC_STRINGS = NO;
				SWIFT_VERSION = 5.0;
				TARGETED_DEVICE_FAMILY = "1,2";
				TEST_TARGET_NAME = FlashHR;
			};
			name = Release;
		};
/* End XCBuildConfiguration section */

/* Begin XCConfigurationList section */
		73B6A2EF28EF6F1C00D9DCB6 /* Build configuration list for PBXProject "FlashHR" */ = {
			isa = XCConfigurationList;
			buildConfigurations = (
				73B6A31C28EF6F1D00D9DCB6 /* Debug */,
				73B6A31D28EF6F1D00D9DCB6 /* Release */,
			);
			defaultConfigurationIsVisible = 0;
			defaultConfigurationName = Release;
		};
		73B6A31E28EF6F1D00D9DCB6 /* Build configuration list for PBXNativeTarget "FlashHR" */ = {
			isa = XCConfigurationList;
			buildConfigurations = (
				73B6A31F28EF6F1D00D9DCB6 /* Debug */,
				73B6A32028EF6F1D00D9DCB6 /* Release */,
			);
			defaultConfigurationIsVisible = 0;
			defaultConfigurationName = Release;
		};
		73B6A32128EF6F1D00D9DCB6 /* Build configuration list for PBXNativeTarget "FlashHRTests" */ = {
			isa = XCConfigurationList;
			buildConfigurations = (
				73B6A32228EF6F1D00D9DCB6 /* Debug */,
				73B6A32328EF6F1D00D9DCB6 /* Release */,
			);
			defaultConfigurationIsVisible = 0;
			defaultConfigurationName = Release;
		};
		73B6A32428EF6F1D00D9DCB6 /* Build configuration list for PBXNativeTarget "FlashHRUITests" */ = {
			isa = XCConfigurationList;
			buildConfigurations = (
				73B6A32528EF6F1D00D9DCB6 /* Debug */,
				73B6A32628EF6F1D00D9DCB6 /* Release */,
			);
			defaultConfigurationIsVisible = 0;
			defaultConfigurationName = Release;
		};
/* End XCConfigurationList section */
	};
	rootObject = 73B6A2EC28EF6F1C00D9DCB6 /* Project object */;
}
